
Microsoft Visual Studio Solution File, Format Version 12.00
# Visual Studio Version 17
VisualStudioVersion = 17.4.33110.190
MinimumVisualStudioVersion = 10.0.40219.1
Project("{FAE04EC0-301F-11D3-BF4B-00C04F79EFBC}") = "AccesibilityModifiers8141", "AccesibilityModifiers8141\AccesibilityModifiers8141.csproj", "{497D1362-864A-4DEC-BB53-E7CCC80FF160}"
EndProject
Project("{FAE04EC0-301F-11D3-BF4B-00C04F79EFBC}") = "PublicAccesibilityModifier", "PublicAccesibilityModifier\PublicAccesibilityModifier.csproj", "{424D18F2-B5B5-403F-9117-EB1B0DE18B10}"
EndProject
Global
	GlobalSection(SolutionConfigurationPlatforms) = preSolution
		Debug|Any CPU = Debug|Any CPU
		Release|Any CPU = Release|Any CPU
	EndGlobalSection
	GlobalSection(ProjectConfigurationPlatforms) = postSolution
		{497D1362-864A-4DEC-BB53-E7CCC80FF160}.Debug|Any CPU.ActiveCfg = Debug|Any CPU
		{497D1362-864A-4DEC-BB53-E7CCC80FF160}.Debug|Any CPU.Build.0 = Debug|Any CPU
		{497D1362-864A-4DEC-BB53-E7CCC80FF160}.Release|Any CPU.ActiveCfg = Release|Any CPU
		{497D1362-864A-4DEC-BB53-E7CCC80FF160}.Release|Any CPU.Build.0 = Release|Any CPU
		{424D18F2-B5B5-403F-9117-EB1B0DE18B10}.Debug|Any CPU.ActiveCfg = Debug|Any CPU
		{424D18F2-B5B5-403F-9117-EB1B0DE18B10}.Debug|Any CPU.Build.0 = Debug|Any CPU
		{424D18F2-B5B5-403F-9117-EB1B0DE18B10}.Release|Any CPU.ActiveCfg = Release|Any CPU
		{424D18F2-B5B5-403F-9117-EB1B0DE18B10}.Release|Any CPU.Build.0 = Release|Any CPU
	EndGlobalSection
	GlobalSection(SolutionProperties) = preSolution
		HideSolutionNode = FALSE
	EndGlobalSection
	GlobalSection(ExtensibilityGlobals) = postSolution
		SolutionGuid = {E74BF5C9-28D9-42B2-BFC5-B8B6A7D64CF7}
	EndGlobalSection
EndGlobal
